
Microsoft Visual Studio Solution File, Format Version 12.00
# Visual Studio Version 17
VisualStudioVersion = 17.10.35027.167
MinimumVisualStudioVersion = 10.0.40219.1
Project("{FAE04EC0-301F-11D3-BF4B-00C04F79EFBC}") = "webapp_v1", "webapp_v1.csproj", "{EACB03AC-BAF8-4C4E-9BAF-BD2A69AE0CAD}"
EndProject
Global
	GlobalSection(SolutionConfigurationPlatforms) = preSolution
		Debug|Any CPU = Debug|Any CPU
		Release|Any CPU = Release|Any CPU
	EndGlobalSection
	GlobalSection(ProjectConfigurationPlatforms) = postSolution
		{EACB03AC-BAF8-4C4E-9BAF-BD2A69AE0CAD}.Debug|Any CPU.ActiveCfg = Debug|Any CPU
		{EACB03AC-BAF8-4C4E-9BAF-BD2A69AE0CAD}.Debug|Any CPU.Build.0 = Debug|Any CPU
		{EACB03AC-BAF8-4C4E-9BAF-BD2A69AE0CAD}.Release|Any CPU.ActiveCfg = Release|Any CPU
		{EACB03AC-BAF8-4C4E-9BAF-BD2A69AE0CAD}.Release|Any CPU.Build.0 = Release|Any CPU
	EndGlobalSection
	GlobalSection(SolutionProperties) = preSolution
		HideSolutionNode = FALSE
	EndGlobalSection
	GlobalSection(ExtensibilityGlobals) = postSolution
		SolutionGuid = {50F35E95-3BB7-40D4-B1DF-C494D2D1888B}
	EndGlobalSection
EndGlobal
